
Microsoft Visual Studio Solution File, Format Version 12.00
# Visual Studio Version 17
VisualStudioVersion = 17.4.33205.214
MinimumVisualStudioVersion = 10.0.40219.1
Project("{8BC9CEB8-8B4A-11D0-8D11-00A0C91BC942}") = "实验四2", "实验四2\实验四2.vcxproj", "{27CC73B1-4119-4BBC-8CDF-5389B449363D}"
EndProject
Global
	GlobalSection(SolutionConfigurationPlatforms) = preSolution
		Debug|x64 = Debug|x64
		Debug|x86 = Debug|x86
		Release|x64 = Release|x64
		Release|x86 = Release|x86
	EndGlobalSection
	GlobalSection(ProjectConfigurationPlatforms) = postSolution
		{27CC73B1-4119-4BBC-8CDF-5389B449363D}.Debug|x64.ActiveCfg = Debug|x64
		{27CC73B1-4119-4BBC-8CDF-5389B449363D}.Debug|x64.Build.0 = Debug|x64
		{27CC73B1-4119-4BBC-8CDF-5389B449363D}.Debug|x86.ActiveCfg = Debug|Win32
		{27CC73B1-4119-4BBC-8CDF-5389B449363D}.Debug|x86.Build.0 = Debug|Win32
		{27CC73B1-4119-4BBC-8CDF-5389B449363D}.Release|x64.ActiveCfg = Release|x64
		{27CC73B1-4119-4BBC-8CDF-5389B449363D}.Release|x64.Build.0 = Release|x64
		{27CC73B1-4119-4BBC-8CDF-5389B449363D}.Release|x86.ActiveCfg = Release|Win32
		{27CC73B1-4119-4BBC-8CDF-5389B449363D}.Release|x86.Build.0 = Release|Win32
	EndGlobalSection
	GlobalSection(SolutionProperties) = preSolution
		HideSolutionNode = FALSE
	EndGlobalSection
	GlobalSection(ExtensibilityGlobals) = postSolution
		SolutionGuid = {2AB91BFA-75E7-4C01-AC1A-2247CAFBF7DF}
	EndGlobalSection
EndGlobal
