
Microsoft Visual Studio Solution File, Format Version 12.00
# Visual Studio Version 17
VisualStudioVersion = 17.4.33205.214
MinimumVisualStudioVersion = 10.0.40219.1
Project("{8BC9CEB8-8B4A-11D0-8D11-00A0C91BC942}") = "队列·1", "队列·1\队列·1.vcxproj", "{CCA811A9-2DB4-4BFC-8FE7-BE7C892E767F}"
EndProject
Global
	GlobalSection(SolutionConfigurationPlatforms) = preSolution
		Debug|x64 = Debug|x64
		Debug|x86 = Debug|x86
		Release|x64 = Release|x64
		Release|x86 = Release|x86
	EndGlobalSection
	GlobalSection(ProjectConfigurationPlatforms) = postSolution
		{CCA811A9-2DB4-4BFC-8FE7-BE7C892E767F}.Debug|x64.ActiveCfg = Debug|x64
		{CCA811A9-2DB4-4BFC-8FE7-BE7C892E767F}.Debug|x64.Build.0 = Debug|x64
		{CCA811A9-2DB4-4BFC-8FE7-BE7C892E767F}.Debug|x86.ActiveCfg = Debug|Win32
		{CCA811A9-2DB4-4BFC-8FE7-BE7C892E767F}.Debug|x86.Build.0 = Debug|Win32
		{CCA811A9-2DB4-4BFC-8FE7-BE7C892E767F}.Release|x64.ActiveCfg = Release|x64
		{CCA811A9-2DB4-4BFC-8FE7-BE7C892E767F}.Release|x64.Build.0 = Release|x64
		{CCA811A9-2DB4-4BFC-8FE7-BE7C892E767F}.Release|x86.ActiveCfg = Release|Win32
		{CCA811A9-2DB4-4BFC-8FE7-BE7C892E767F}.Release|x86.Build.0 = Release|Win32
	EndGlobalSection
	GlobalSection(SolutionProperties) = preSolution
		HideSolutionNode = FALSE
	EndGlobalSection
	GlobalSection(ExtensibilityGlobals) = postSolution
		SolutionGuid = {7A91A2D9-ADE3-4029-A559-0AF62E34DC4E}
	EndGlobalSection
EndGlobal
